// !$*UTF8*$!
{
	archiveVersion = 1;
	classes = {
	};
	objectVersion = 55;
	objects = {

/* Begin PBXBuildFile section */
		444CA6E727A5014500692065 /* sample_AppApp.swift in Sources */ = {isa = PBXBuildFile; fileRef = 444CA6E627A5014500692065 /* sample_AppApp.swift */; };
		444CA6E927A5014500692065 /* ContentView.swift in Sources */ = {isa = PBXBuildFile; fileRef = 444CA6E827A5014500692065 /* ContentView.swift */; };
		444CA6EB27A5014600692065 /* Assets.xcassets in Resources */ = {isa = PBXBuildFile; fileRef = 444CA6EA27A5014600692065 /* Assets.xcassets */; };
		444CA6EE27A5014600692065 /* Preview Assets.xcassets in Resources */ = {isa = PBXBuildFile; fileRef = 444CA6ED27A5014600692065 /* Preview Assets.xcassets */; };
		444CA6F827A5014600692065 /* sample_AppTests.swift in Sources */ = {isa = PBXBuildFile; fileRef = 444CA6F727A5014600692065 /* sample_AppTests.swift */; };
		444CA70227A5014600692065 /* sample_AppUITests.swift in Sources */ = {isa = PBXBuildFile; fileRef = 444CA70127A5014600692065 /* sample_AppUITests.swift */; };
		444CA70427A5014600692065 /* sample_AppUITestsLaunchTests.swift in Sources */ = {isa = PBXBuildFile; fileRef = 444CA70327A5014600692065 /* sample_AppUITestsLaunchTests.swift */; };
/* End PBXBuildFile section */

/* Begin PBXContainerItemProxy section */
		444CA6F427A5014600692065 /* PBXContainerItemProxy */ = {
			isa = PBXContainerItemProxy;
			containerPortal = 444CA6DB27A5014500692065 /* Project object */;
			proxyType = 1;
			remoteGlobalIDString = 444CA6E227A5014500692065;
			remoteInfo = "sample App";
		};
		444CA6FE27A5014600692065 /* PBXContainerItemProxy */ = {
			isa = PBXContainerItemProxy;
			containerPortal = 444CA6DB27A5014500692065 /* Project object */;
			proxyType = 1;
			remoteGlobalIDString = 444CA6E227A5014500692065;
			remoteInfo = "sample App";
		};
/* End PBXContainerItemProxy section */

/* Begin PBXFileReference section */
		444CA6E327A5014500692065 /* sample App.app */ = {isa = PBXFileReference; explicitFileType = wrapper.application; includeInIndex = 0; path = "sample App.app"; sourceTree = BUILT_PRODUCTS_DIR; };
		444CA6E627A5014500692065 /* sample_AppApp.swift */ = {isa = PBXFileReference; lastKnownFileType = sourcecode.swift; path = sample_AppApp.swift; sourceTree = "<group>"; };
		444CA6E827A5014500692065 /* ContentView.swift */ = {isa = PBXFileReference; lastKnownFileType = sourcecode.swift; path = ContentView.swift; sourceTree = "<group>"; };
		444CA6EA27A5014600692065 /* Assets.xcassets */ = {isa = PBXFileReference; lastKnownFileType = folder.assetcatalog; path = Assets.xcassets; sourceTree = "<group>"; };
		444CA6ED27A5014600692065 /* Preview Assets.xcassets */ = {isa = PBXFileReference; lastKnownFileType = folder.assetcatalog; path = "Preview Assets.xcassets"; sourceTree = "<group>"; };
		444CA6F327A5014600692065 /* sample AppTests.xctest */ = {isa = PBXFileReference; explicitFileType = wrapper.cfbundle; includeInIndex = 0; path = "sample AppTests.xctest"; sourceTree = BUILT_PRODUCTS_DIR; };
		444CA6F727A5014600692065 /* sample_AppTests.swift */ = {isa = PBXFileReference; lastKnownFileType = sourcecode.swift; path = sample_AppTests.swift; sourceTree = "<group>"; };
		444CA6FD27A5014600692065 /* sample AppUITests.xctest */ = {isa = PBXFileReference; explicitFileType = wrapper.cfbundle; includeInIndex = 0; path = "sample AppUITests.xctest"; sourceTree = BUILT_PRODUCTS_DIR; };
		444CA70127A5014600692065 /* sample_AppUITests.swift */ = {isa = PBXFileReference; lastKnownFileType = sourcecode.swift; path = sample_AppUITests.swift; sourceTree = "<group>"; };
		444CA70327A5014600692065 /* sample_AppUITestsLaunchTests.swift */ = {isa = PBXFileReference; lastKnownFileType = sourcecode.swift; path = sample_AppUITestsLaunchTests.swift; sourceTree = "<group>"; };
/* End PBXFileReference section */

/* Begin PBXFrameworksBuildPhase section */
		444CA6E027A5014500692065 /* Frameworks */ = {
			isa = PBXFrameworksBuildPhase;
			buildActionMask = 2147483647;
			files = (
			);
			runOnlyForDeploymentPostprocessing = 0;
		};
		444CA6F027A5014600692065 /* Frameworks */ = {
			isa = PBXFrameworksBuildPhase;
			buildActionMask = 2147483647;
			files = (
			);
			runOnlyForDeploymentPostprocessing = 0;
		};
		444CA6FA27A5014600692065 /* Frameworks */ = {
			isa = PBXFrameworksBuildPhase;
			buildActionMask = 2147483647;
			files = (
			);
			runOnlyForDeploymentPostprocessing = 0;
		};
/* End PBXFrameworksBuildPhase section */

/* Begin PBXGroup section */
		444CA6DA27A5014500692065 = {
			isa = PBXGroup;
			children = (
				444CA6E527A5014500692065 /* sample App */,
				444CA6F627A5014600692065 /* sample AppTests */,
				444CA70027A5014600692065 /* sample AppUITests */,
				444CA6E427A5014500692065 /* Products */,
			);
			sourceTree = "<group>";
		};
		444CA6E427A5014500692065 /* Products */ = {
			isa = PBXGroup;
			children = (
				444CA6E327A5014500692065 /* sample App.app */,
				444CA6F327A5014600692065 /* sample AppTests.xctest */,
				444CA6FD27A5014600692065 /* sample AppUITests.xctest */,
			);
			name = Products;
			sourceTree = "<group>";
		};
		444CA6E527A5014500692065 /* sample App */ = {
			isa = PBXGroup;
			children = (
				444CA6E627A5014500692065 /* sample_AppApp.swift */,
				444CA6E827A5014500692065 /* ContentView.swift */,
				444CA6EA27A5014600692065 /* Assets.xcassets */,
				444CA6EC27A5014600692065 /* Preview Content */,
			);
			path = "sample App";
			sourceTree = "<group>";
		};
		444CA6EC27A5014600692065 /* Preview Content */ = {
			isa = PBXGroup;
			children = (
				444CA6ED27A5014600692065 /* Preview Assets.xcassets */,
			);
			path = "Preview Content";
			sourceTree = "<group>";
		};
		444CA6F627A5014600692065 /* sample AppTests */ = {
			isa = PBXGroup;
			children = (
				444CA6F727A5014600692065 /* sample_AppTests.swift */,
			);
			path = "sample AppTests";
			sourceTree = "<group>";
		};
		444CA70027A5014600692065 /* sample AppUITests */ = {
			isa = PBXGroup;
			children = (
				444CA70127A5014600692065 /* sample_AppUITests.swift */,
				444CA70327A5014600692065 /* sample_AppUITestsLaunchTests.swift */,
			);
			path = "sample AppUITests";
			sourceTree = "<group>";
		};
/* End PBXGroup section */

/* Begin PBXNativeTarget section */
		444CA6E227A5014500692065 /* sample App */ = {
			isa = PBXNativeTarget;
			buildConfigurationList = 444CA70727A5014600692065 /* Build configuration list for PBXNativeTarget "sample App" */;
			buildPhases = (
				444CA6DF27A5014500692065 /* Sources */,
				444CA6E027A5014500692065 /* Frameworks */,
				444CA6E127A5014500692065 /* Resources */,
			);
			buildRules = (
			);
			dependencies = (
			);
			name = "sample App";
			productName = "sample App";
			productReference = 444CA6E327A5014500692065 /* sample App.app */;
			productType = "com.apple.product-type.application";
		};
		444CA6F227A5014600692065 /* sample AppTests */ = {
			isa = PBXNativeTarget;
			buildConfigurationList = 444CA70A27A5014600692065 /* Build configuration list for PBXNativeTarget "sample AppTests" */;
			buildPhases = (
				444CA6EF27A5014600692065 /* Sources */,
				444CA6F027A5014600692065 /* Frameworks */,
				444CA6F127A5014600692065 /* Resources */,
			);
			buildRules = (
			);
			dependencies = (
				444CA6F527A5014600692065 /* PBXTargetDependency */,
			);
			name = "sample AppTests";
			productName = "sample AppTests";
			productReference = 444CA6F327A5014600692065 /* sample AppTests.xctest */;
			productType = "com.apple.product-type.bundle.unit-test";
		};
		444CA6FC27A5014600692065 /* sample AppUITests */ = {
			isa = PBXNativeTarget;
			buildConfigurationList = 444CA70D27A5014600692065 /* Build configuration list for PBXNativeTarget "sample AppUITests" */;
			buildPhases = (
				444CA6F927A5014600692065 /* Sources */,
				444CA6FA27A5014600692065 /* Frameworks */,
				444CA6FB27A5014600692065 /* Resources */,
			);
			buildRules = (
			);
			dependencies = (
				444CA6FF27A5014600692065 /* PBXTargetDependency */,
			);
			name = "sample AppUITests";
			productName = "sample AppUITests";
			productReference = 444CA6FD27A5014600692065 /* sample AppUITests.xctest */;
			productType = "com.apple.product-type.bundle.ui-testing";
		};
/* End PBXNativeTarget section */

/* Begin PBXProject section */
		444CA6DB27A5014500692065 /* Project object */ = {
			isa = PBXProject;
			attributes = {
				BuildIndependentTargetsInParallel = 1;
				LastSwiftUpdateCheck = 1320;
				LastUpgradeCheck = 1320;
				TargetAttributes = {
					444CA6E227A5014500692065 = {
						CreatedOnToolsVersion = 13.2.1;
					};
					444CA6F227A5014600692065 = {
						CreatedOnToolsVersion = 13.2.1;
						TestTargetID = 444CA6E227A5014500692065;
					};
					444CA6FC27A5014600692065 = {
						CreatedOnToolsVersion = 13.2.1;
						TestTargetID = 444CA6E227A5014500692065;
					};
				};
			};
			buildConfigurationList = 444CA6DE27A5014500692065 /* Build configuration list for PBXProject "sample App" */;
			compatibilityVersion = "Xcode 13.0";
			developmentRegion = en;
			hasScannedForEncodings = 0;
			knownRegions = (
				en,
				Base,
			);
			mainGroup = 444CA6DA27A5014500692065;
			productRefGroup = 444CA6E427A5014500692065 /* Products */;
			projectDirPath = "";
			projectRoot = "";
			targets = (
				444CA6E227A5014500692065 /* sample App */,
				444CA6F227A5014600692065 /* sample AppTests */,
				444CA6FC27A5014600692065 /* sample AppUITests */,
			);
		};
/* End PBXProject section */

/* Begin PBXResourcesBuildPhase section */
		444CA6E127A5014500692065 /* Resources */ = {
			isa = PBXResourcesBuildPhase;
			buildActionMask = 2147483647;
			files = (
				444CA6EE27A5014600692065 /* Preview Assets.xcassets in Resources */,
				444CA6EB27A5014600692065 /* Assets.xcassets in Resources */,
			);
			runOnlyForDeploymentPostprocessing = 0;
		};
		444CA6F127A5014600692065 /* Resources */ = {
			isa = PBXResourcesBuildPhase;
			buildActionMask = 2147483647;
			files = (
			);
			runOnlyForDeploymentPostprocessing = 0;
		};
		444CA6FB27A5014600692065 /* Resources */ = {
			isa = PBXResourcesBuildPhase;
			buildActionMask = 2147483647;
			files = (
			);
			runOnlyForDeploymentPostprocessing = 0;
		};
/* End PBXResourcesBuildPhase section */

/* Begin PBXSourcesBuildPhase section */
		444CA6DF27A5014500692065 /* Sources */ = {
			isa = PBXSourcesBuildPhase;
			buildActionMask = 2147483647;
			files = (
				444CA6E927A5014500692065 /* ContentView.swift in Sources */,
				444CA6E727A5014500692065 /* sample_AppApp.swift in Sources */,
			);
			runOnlyForDeploymentPostprocessing = 0;
		};
		444CA6EF27A5014600692065 /* Sources */ = {
			isa = PBXSourcesBuildPhase;
			buildActionMask = 2147483647;
			files = (
				444CA6F827A5014600692065 /* sample_AppTests.swift in Sources */,
			);
			runOnlyForDeploymentPostprocessing = 0;
		};
		444CA6F927A5014600692065 /* Sources */ = {
			isa = PBXSourcesBuildPhase;
			buildActionMask = 2147483647;
			files = (
				444CA70427A5014600692065 /* sample_AppUITestsLaunchTests.swift in Sources */,
				444CA70227A5014600692065 /* sample_AppUITests.swift in Sources */,
			);
			runOnlyForDeploymentPostprocessing = 0;
		};
/* End PBXSourcesBuildPhase section */

/* Begin PBXTargetDependency section */
		444CA6F527A5014600692065 /* PBXTargetDependency */ = {
			isa = PBXTargetDependency;
			target = 444CA6E227A5014500692065 /* sample App */;
			targetProxy = 444CA6F427A5014600692065 /* PBXContainerItemProxy */;
		};
		444CA6FF27A5014600692065 /* PBXTargetDependency */ = {
			isa = PBXTargetDependency;
			target = 444CA6E227A5014500692065 /* sample App */;
			targetProxy = 444CA6FE27A5014600692065 /* PBXContainerItemProxy */;
		};
/* End PBXTargetDependency section */

/* Begin XCBuildConfiguration section */
		444CA70527A5014600692065 /* Debug */ = {
			isa = XCBuildConfiguration;
			buildSettings = {
				ALWAYS_SEARCH_USER_PATHS = NO;
				CLANG_ANALYZER_NONNULL = YES;
				CLANG_ANALYZER_NUMBER_OBJECT_CONVERSION = YES_AGGRESSIVE;
				CLANG_CXX_LANGUAGE_STANDARD = "gnu++17";
				CLANG_CXX_LIBRARY = "libc++";
				CLANG_ENABLE_MODULES = YES;
				CLANG_ENABLE_OBJC_ARC = YES;
				CLANG_ENABLE_OBJC_WEAK = YES;
				CLANG_WARN_BLOCK_CAPTURE_AUTORELEASING = YES;
				CLANG_WARN_BOOL_CONVERSION = YES;
				CLANG_WARN_COMMA = YES;
				CLANG_WARN_CONSTANT_CONVERSION = YES;
				CLANG_WARN_DEPRECATED_OBJC_IMPLEMENTATIONS = YES;
				CLANG_WARN_DIRECT_OBJC_ISA_USAGE = YES_ERROR;
				CLANG_WARN_DOCUMENTATION_COMMENTS = YES;
				CLANG_WARN_EMPTY_BODY = YES;
				CLANG_WARN_ENUM_CONVERSION = YES;
				CLANG_WARN_INFINITE_RECURSION = YES;
				CLANG_WARN_INT_CONVERSION = YES;
				CLANG_WARN_NON_LITERAL_NULL_CONVERSION = YES;
				CLANG_WARN_OBJC_IMPLICIT_RETAIN_SELF = YES;
				CLANG_WARN_OBJC_LITERAL_CONVERSION = YES;
				CLANG_WARN_OBJC_ROOT_CLASS = YES_ERROR;
				CLANG_WARN_QUOTED_INCLUDE_IN_FRAMEWORK_HEADER = YES;
				CLANG_WARN_RANGE_LOOP_ANALYSIS = YES;
				CLANG_WARN_STRICT_PROTOTYPES = YES;
				CLANG_WARN_SUSPICIOUS_MOVE = YES;
				CLANG_WARN_UNGUARDED_AVAILABILITY = YES_AGGRESSIVE;
				CLANG_WARN_UNREACHABLE_CODE = YES;
				CLANG_WARN__DUPLICATE_METHOD_MATCH = YES;
				COPY_PHASE_STRIP = NO;
				DEBUG_INFORMATION_FORMAT = dwarf;
				ENABLE_STRICT_OBJC_MSGSEND = YES;
				ENABLE_TESTABILITY = YES;
				GCC_C_LANGUAGE_STANDARD = gnu11;
				GCC_DYNAMIC_NO_PIC = NO;
				GCC_NO_COMMON_BLOCKS = YES;
				GCC_OPTIMIZATION_LEVEL = 0;
				GCC_PREPROCESSOR_DEFINITIONS = (
					"DEBUG=1",
					"$(inherited)",
				);
				GCC_WARN_64_TO_32_BIT_CONVERSION = YES;
				GCC_WARN_ABOUT_RETURN_TYPE = YES_ERROR;
				GCC_WARN_UNDECLARED_SELECTOR = YES;
				GCC_WARN_UNINITIALIZED_AUTOS = YES_AGGRESSIVE;
				GCC_WARN_UNUSED_FUNCTION = YES;
				GCC_WARN_UNUSED_VARIABLE = YES;
				IPHONEOS_DEPLOYMENT_TARGET = 15.2;
				MTL_ENABLE_DEBUG_INFO = INCLUDE_SOURCE;
				MTL_FAST_MATH = YES;
				ONLY_ACTIVE_ARCH = YES;
				SDKROOT = iphoneos;
				SWIFT_ACTIVE_COMPILATION_CONDITIONS = DEBUG;
				SWIFT_OPTIMIZATION_LEVEL = "-Onone";
			};
			name = Debug;
		};
		444CA70627A5014600692065 /* Release */ = {
			isa = XCBuildConfiguration;
			buildSettings = {
				ALWAYS_SEARCH_USER_PATHS = NO;
				CLANG_ANALYZER_NONNULL = YES;
				CLANG_ANALYZER_NUMBER_OBJECT_CONVERSION = YES_AGGRESSIVE;
				CLANG_CXX_LANGUAGE_STANDARD = "gnu++17";
				CLANG_CXX_LIBRARY = "libc++";
				CLANG_ENABLE_MODULES = YES;
				CLANG_ENABLE_OBJC_ARC = YES;
				CLANG_ENABLE_OBJC_WEAK = YES;
				CLANG_WARN_BLOCK_CAPTURE_AUTORELEASING = YES;
				CLANG_WARN_BOOL_CONVERSION = YES;
				CLANG_WARN_COMMA = YES;
				CLANG_WARN_CONSTANT_CONVERSION = YES;
				CLANG_WARN_DEPRECATED_OBJC_IMPLEMENTATIONS = YES;
				CLANG_WARN_DIRECT_OBJC_ISA_USAGE = YES_ERROR;
				CLANG_WARN_DOCUMENTATION_COMMENTS = YES;
				CLANG_WARN_EMPTY_BODY = YES;
				CLANG_WARN_ENUM_CONVERSION = YES;
				CLANG_WARN_INFINITE_RECURSION = YES;
				CLANG_WARN_INT_CONVERSION = YES;
				CLANG_WARN_NON_LITERAL_NULL_CONVERSION = YES;
				CLANG_WARN_OBJC_IMPLICIT_RETAIN_SELF = YES;
				CLANG_WARN_OBJC_LITERAL_CONVERSION = YES;
				CLANG_WARN_OBJC_ROOT_CLASS = YES_ERROR;
				CLANG_WARN_QUOTED_INCLUDE_IN_FRAMEWORK_HEADER = YES;
				CLANG_WARN_RANGE_LOOP_ANALYSIS = YES;
				CLANG_WARN_STRICT_PROTOTYPES = YES;
				CLANG_WARN_SUSPICIOUS_MOVE = YES;
				CLANG_WARN_UNGUARDED_AVAILABILITY = YES_AGGRESSIVE;
				CLANG_WARN_UNREACHABLE_CODE = YES;
				CLANG_WARN__DUPLICATE_METHOD_MATCH = YES;
				COPY_PHASE_STRIP = NO;
				DEBUG_INFORMATION_FORMAT = "dwarf-with-dsym";
				ENABLE_NS_ASSERTIONS = NO;
				ENABLE_STRICT_OBJC_MSGSEND = YES;
				GCC_C_LANGUAGE_STANDARD = gnu11;
				GCC_NO_COMMON_BLOCKS = YES;
				GCC_WARN_64_TO_32_BIT_CONVERSION = YES;
				GCC_WARN_ABOUT_RETURN_TYPE = YES_ERROR;
				GCC_WARN_UNDECLARED_SELECTOR = YES;
				GCC_WARN_UNINITIALIZED_AUTOS = YES_AGGRESSIVE;
				GCC_WARN_UNUSED_FUNCTION = YES;
				GCC_WARN_UNUSED_VARIABLE = YES;
				IPHONEOS_DEPLOYMENT_TARGET = 15.2;
				MTL_ENABLE_DEBUG_INFO = NO;
				MTL_FAST_MATH = YES;
				SDKROOT = iphoneos;
				SWIFT_COMPILATION_MODE = wholemodule;
				SWIFT_OPTIMIZATION_LEVEL = "-O";
				VALIDATE_PRODUCT = YES;
			};
			name = Release;
		};
		444CA70827A5014600692065 /* Debug */ = {
			isa = XCBuildConfiguration;
			buildSettings = {
				ASSETCATALOG_COMPILER_APPICON_NAME = AppIcon;
				ASSETCATALOG_COMPILER_GLOBAL_ACCENT_COLOR_NAME = AccentColor;
				CODE_SIGN_IDENTITY = "iPhone Developer";
				CODE_SIGN_STYLE = Manual;
				CURRENT_PROJECT_VERSION = 1.0.7;
				DEVELOPMENT_ASSET_PATHS = "\"sample App/Preview Content\"";
				DEVELOPMENT_TEAM = AQL7BL8QH4;
				ENABLE_PREVIEWS = YES;
				GENERATE_INFOPLIST_FILE = YES;
				INFOPLIST_KEY_UIApplicationSceneManifest_Generation = YES;
				INFOPLIST_KEY_UIApplicationSupportsIndirectInputEvents = YES;
				INFOPLIST_KEY_UILaunchScreen_Generation = YES;
				INFOPLIST_KEY_UISupportedInterfaceOrientations_iPad = "UIInterfaceOrientationPortrait UIInterfaceOrientationPortraitUpsideDown UIInterfaceOrientationLandscapeLeft UIInterfaceOrientationLandscapeRight";
				INFOPLIST_KEY_UISupportedInterfaceOrientations_iPhone = "UIInterfaceOrientationPortrait UIInterfaceOrientationLandscapeLeft UIInterfaceOrientationLandscapeRight";
				LD_RUNPATH_SEARCH_PATHS = (
					"$(inherited)",
					"@executable_path/Frameworks",
				);
				MARKETING_VERSION = 1.0;
				PRODUCT_BUNDLE_IDENTIFIER = co.jp.sample.sampleApp;
				PRODUCT_NAME = "$(TARGET_NAME)";
				PROVISIONING_PROFILE_SPECIFIER = sampleAppProvisioning;
				SWIFT_EMIT_LOC_STRINGS = YES;
				SWIFT_VERSION = 5.0;
				TARGETED_DEVICE_FAMILY = "1,2";
			};
			name = Debug;
		};
		444CA70927A5014600692065 /* Release */ = {
			isa = XCBuildConfiguration;
			buildSettings = {
				ASSETCATALOG_COMPILER_APPICON_NAME = AppIcon;
				ASSETCATALOG_COMPILER_GLOBAL_ACCENT_COLOR_NAME = AccentColor;
				CODE_SIGN_IDENTITY = "iPhone Developer";
				CODE_SIGN_STYLE = Manual;
				CURRENT_PROJECT_VERSION = 1.0.7;
				DEVELOPMENT_ASSET_PATHS = "\"sample App/Preview Content\"";
				DEVELOPMENT_TEAM = AQL7BL8QH4;
				ENABLE_PREVIEWS = YES;
				GENERATE_INFOPLIST_FILE = YES;
				INFOPLIST_KEY_UIApplicationSceneManifest_Generation = YES;
				INFOPLIST_KEY_UIApplicationSupportsIndirectInputEvents = YES;
				INFOPLIST_KEY_UILaunchScreen_Generation = YES;
				INFOPLIST_KEY_UISupportedInterfaceOrientations_iPad = "UIInterfaceOrientationPortrait UIInterfaceOrientationPortraitUpsideDown UIInterfaceOrientationLandscapeLeft UIInterfaceOrientationLandscapeRight";
				INFOPLIST_KEY_UISupportedInterfaceOrientations_iPhone = "UIInterfaceOrientationPortrait UIInterfaceOrientationLandscapeLeft UIInterfaceOrientationLandscapeRight";
				LD_RUNPATH_SEARCH_PATHS = (
					"$(inherited)",
					"@executable_path/Frameworks",
				);
				MARKETING_VERSION = 1.0;
				PRODUCT_BUNDLE_IDENTIFIER = co.jp.sample.sampleApp;
				PRODUCT_NAME = "$(TARGET_NAME)";
				PROVISIONING_PROFILE_SPECIFIER = sampleAppProvisioning;
				SWIFT_EMIT_LOC_STRINGS = YES;
				SWIFT_VERSION = 5.0;
				TARGETED_DEVICE_FAMILY = "1,2";
			};
			name = Release;
		};
		444CA70B27A5014600692065 /* Debug */ = {
			isa = XCBuildConfiguration;
			buildSettings = {
				ALWAYS_EMBED_SWIFT_STANDARD_LIBRARIES = YES;
				BUNDLE_LOADER = "$(TEST_HOST)";
				CODE_SIGN_IDENTITY = "iPhone Developer";
				CODE_SIGN_STYLE = Manual;
				CURRENT_PROJECT_VERSION = 1.0.7;
				DEVELOPMENT_TEAM = AQL7BL8QH4;
				GENERATE_INFOPLIST_FILE = YES;
				IPHONEOS_DEPLOYMENT_TARGET = 15.2;
				MARKETING_VERSION = 1.0;
				PRODUCT_BUNDLE_IDENTIFIER = co.jp.sample.sampleApp;
				PRODUCT_NAME = "$(TARGET_NAME)";
				SWIFT_EMIT_LOC_STRINGS = NO;
				SWIFT_VERSION = 5.0;
				TARGETED_DEVICE_FAMILY = "1,2";
				TEST_HOST = "$(BUILT_PRODUCTS_DIR)/sample App.app/sample App";
			};
			name = Debug;
		};
		444CA70C27A5014600692065 /* Release */ = {
			isa = XCBuildConfiguration;
			buildSettings = {
				ALWAYS_EMBED_SWIFT_STANDARD_LIBRARIES = YES;
				BUNDLE_LOADER = "$(TEST_HOST)";
				CODE_SIGN_IDENTITY = "iPhone Developer";
				CODE_SIGN_STYLE = Manual;
				CURRENT_PROJECT_VERSION = 1.0.7;
				DEVELOPMENT_TEAM = AQL7BL8QH4;
				GENERATE_INFOPLIST_FILE = YES;
				IPHONEOS_DEPLOYMENT_TARGET = 15.2;
				MARKETING_VERSION = 1.0;
				PRODUCT_BUNDLE_IDENTIFIER = co.jp.sample.sampleApp;
				PRODUCT_NAME = "$(TARGET_NAME)";
				SWIFT_EMIT_LOC_STRINGS = NO;
				SWIFT_VERSION = 5.0;
				TARGETED_DEVICE_FAMILY = "1,2";
				TEST_HOST = "$(BUILT_PRODUCTS_DIR)/sample App.app/sample App";
			};
			name = Release;
		};
		444CA70E27A5014600692065 /* Debug */ = {
			isa = XCBuildConfiguration;
			buildSettings = {
				ALWAYS_EMBED_SWIFT_STANDARD_LIBRARIES = YES;
				CODE_SIGN_IDENTITY = "iPhone Developer";
				CODE_SIGN_STYLE = Manual;
				CURRENT_PROJECT_VERSION = 1.0.7;
				DEVELOPMENT_TEAM = AQL7BL8QH4;
				GENERATE_INFOPLIST_FILE = YES;
				MARKETING_VERSION = 1.0;
				PRODUCT_BUNDLE_IDENTIFIER = co.jp.sample.sampleApp;
				PRODUCT_NAME = "$(TARGET_NAME)";
				SWIFT_EMIT_LOC_STRINGS = NO;
				SWIFT_VERSION = 5.0;
				TARGETED_DEVICE_FAMILY = "1,2";
				TEST_TARGET_NAME = "sample App";
			};
			name = Debug;
		};
		444CA70F27A5014600692065 /* Release */ = {
			isa = XCBuildConfiguration;
			buildSettings = {
				ALWAYS_EMBED_SWIFT_STANDARD_LIBRARIES = YES;
				CODE_SIGN_IDENTITY = "iPhone Developer";
				CODE_SIGN_STYLE = Manual;
				CURRENT_PROJECT_VERSION = 1.0.7;
				DEVELOPMENT_TEAM = AQL7BL8QH4;
				GENERATE_INFOPLIST_FILE = YES;
				MARKETING_VERSION = 1.0;
				PRODUCT_BUNDLE_IDENTIFIER = co.jp.sample.sampleApp;
				PRODUCT_NAME = "$(TARGET_NAME)";
				SWIFT_EMIT_LOC_STRINGS = NO;
				SWIFT_VERSION = 5.0;
				TARGETED_DEVICE_FAMILY = "1,2";
				TEST_TARGET_NAME = "sample App";
			};
			name = Release;
		};
/* End XCBuildConfiguration section */

/* Begin XCConfigurationList section */
		444CA6DE27A5014500692065 /* Build configuration list for PBXProject "sample App" */ = {
			isa = XCConfigurationList;
			buildConfigurations = (
				444CA70527A5014600692065 /* Debug */,
				444CA70627A5014600692065 /* Release */,
			);
			defaultConfigurationIsVisible = 0;
			defaultConfigurationName = Release;
		};
		444CA70727A5014600692065 /* Build configuration list for PBXNativeTarget "sample App" */ = {
			isa = XCConfigurationList;
			buildConfigurations = (
				444CA70827A5014600692065 /* Debug */,
				444CA70927A5014600692065 /* Release */,
			);
			defaultConfigurationIsVisible = 0;
			defaultConfigurationName = Release;
		};
		444CA70A27A5014600692065 /* Build configuration list for PBXNativeTarget "sample AppTests" */ = {
			isa = XCConfigurationList;
			buildConfigurations = (
				444CA70B27A5014600692065 /* Debug */,
				444CA70C27A5014600692065 /* Release */,
			);
			defaultConfigurationIsVisible = 0;
			defaultConfigurationName = Release;
		};
		444CA70D27A5014600692065 /* Build configuration list for PBXNativeTarget "sample AppUITests" */ = {
			isa = XCConfigurationList;
			buildConfigurations = (
				444CA70E27A5014600692065 /* Debug */,
				444CA70F27A5014600692065 /* Release */,
			);
			defaultConfigurationIsVisible = 0;
			defaultConfigurationName = Release;
		};
/* End XCConfigurationList section */
	};
	rootObject = 444CA6DB27A5014500692065 /* Project object */;
}
